// !$*UTF8*$!
{
	archiveVersion = 1;
	classes = {
	};
	objectVersion = 46;
	objects = {

/* Begin PBXBuildFile section */
		410B7C7A1DF6E8B700EA9020 /* AppDelegate.swift in Sources */ = {isa = PBXBuildFile; fileRef = 410B7C791DF6E8B700EA9020 /* AppDelegate.swift */; };
		410B7C7C1DF6E8B700EA9020 /* ForeCastVC.swift in Sources */ = {isa = PBXBuildFile; fileRef = 410B7C7B1DF6E8B700EA9020 /* ForeCastVC.swift */; };
		410B7C7F1DF6E8B700EA9020 /* Main.storyboard in Resources */ = {isa = PBXBuildFile; fileRef = 410B7C7D1DF6E8B700EA9020 /* Main.storyboard */; };
		410B7C811DF6E8B700EA9020 /* Assets.xcassets in Resources */ = {isa = PBXBuildFile; fileRef = 410B7C801DF6E8B700EA9020 /* Assets.xcassets */; };
		410B7C841DF6E8B700EA9020 /* LaunchScreen.storyboard in Resources */ = {isa = PBXBuildFile; fileRef = 410B7C821DF6E8B700EA9020 /* LaunchScreen.storyboard */; };
		410B7C8F1DF6E8B700EA9020 /* forecastTests.swift in Sources */ = {isa = PBXBuildFile; fileRef = 410B7C8E1DF6E8B700EA9020 /* forecastTests.swift */; };
		410B7C9A1DF6E8B700EA9020 /* forecastUITests.swift in Sources */ = {isa = PBXBuildFile; fileRef = 410B7C991DF6E8B700EA9020 /* forecastUITests.swift */; };
		410F9AE61DF833D50002FC67 /* Constants.swift in Sources */ = {isa = PBXBuildFile; fileRef = 410F9AE51DF833D50002FC67 /* Constants.swift */; };
		410F9AE81DF8364A0002FC67 /* CurrentWeather.swift in Sources */ = {isa = PBXBuildFile; fileRef = 410F9AE71DF8364A0002FC67 /* CurrentWeather.swift */; };
		414B4D6B1DF8386800D21B90 /* Alamofire.framework in Frameworks */ = {isa = PBXBuildFile; fileRef = 414B4D6A1DF8386800D21B90 /* Alamofire.framework */; };
		415E10791DF99F5C00FA3AF3 /* Location.swift in Sources */ = {isa = PBXBuildFile; fileRef = 415E10781DF99F5C00FA3AF3 /* Location.swift */; };
		41DF9D771DF976FF0074CEDA /* ForeCastModel.swift in Sources */ = {isa = PBXBuildFile; fileRef = 41DF9D761DF976FF0074CEDA /* ForeCastModel.swift */; };
		41DF9D791DF988D10074CEDA /* WeatherCell.swift in Sources */ = {isa = PBXBuildFile; fileRef = 41DF9D781DF988D10074CEDA /* WeatherCell.swift */; };
		76D829E4B0E6E41E895A3DF8 /* Pods_forecast.framework in Frameworks */ = {isa = PBXBuildFile; fileRef = 2E506A65E03DD25338DABD8C /* Pods_forecast.framework */; };
/* End PBXBuildFile section */

/* Begin PBXContainerItemProxy section */
		410B7C8B1DF6E8B700EA9020 /* PBXContainerItemProxy */ = {
			isa = PBXContainerItemProxy;
			containerPortal = 410B7C6E1DF6E8B700EA9020 /* Project object */;
			proxyType = 1;
			remoteGlobalIDString = 410B7C751DF6E8B700EA9020;
			remoteInfo = forecast;
		};
		410B7C961DF6E8B700EA9020 /* PBXContainerItemProxy */ = {
			isa = PBXContainerItemProxy;
			containerPortal = 410B7C6E1DF6E8B700EA9020 /* Project object */;
			proxyType = 1;
			remoteGlobalIDString = 410B7C751DF6E8B700EA9020;
			remoteInfo = forecast;
		};
/* End PBXContainerItemProxy section */

/* Begin PBXFileReference section */
		251FD9D0FBB781F1184B5F4D /* Pods-forecast.debug.xcconfig */ = {isa = PBXFileReference; includeInIndex = 1; lastKnownFileType = text.xcconfig; name = "Pods-forecast.debug.xcconfig"; path = "Pods/Target Support Files/Pods-forecast/Pods-forecast.debug.xcconfig"; sourceTree = "<group>"; };
		2E506A65E03DD25338DABD8C /* Pods_forecast.framework */ = {isa = PBXFileReference; explicitFileType = wrapper.framework; includeInIndex = 0; path = Pods_forecast.framework; sourceTree = BUILT_PRODUCTS_DIR; };
		336EA636E5E6AA92EE1DF003 /* Pods_forecastTests.framework */ = {isa = PBXFileReference; explicitFileType = wrapper.framework; includeInIndex = 0; path = Pods_forecastTests.framework; sourceTree = BUILT_PRODUCTS_DIR; };
		410884DA1DFACCB90094F501 /* Location.gpx */ = {isa = PBXFileReference; lastKnownFileType = text.xml; path = Location.gpx; sourceTree = "<group>"; };
		410B7C761DF6E8B700EA9020 /* forecast.app */ = {isa = PBXFileReference; explicitFileType = wrapper.application; includeInIndex = 0; path = forecast.app; sourceTree = BUILT_PRODUCTS_DIR; };
		410B7C791DF6E8B700EA9020 /* AppDelegate.swift */ = {isa = PBXFileReference; lastKnownFileType = sourcecode.swift; path = AppDelegate.swift; sourceTree = "<group>"; };
		410B7C7B1DF6E8B700EA9020 /* ForeCastVC.swift */ = {isa = PBXFileReference; lastKnownFileType = sourcecode.swift; path = ForeCastVC.swift; sourceTree = "<group>"; };
		410B7C7E1DF6E8B700EA9020 /* Base */ = {isa = PBXFileReference; lastKnownFileType = file.storyboard; name = Base; path = Base.lproj/Main.storyboard; sourceTree = "<group>"; };
		410B7C801DF6E8B700EA9020 /* Assets.xcassets */ = {isa = PBXFileReference; lastKnownFileType = folder.assetcatalog; path = Assets.xcassets; sourceTree = "<group>"; };
		410B7C831DF6E8B700EA9020 /* Base */ = {isa = PBXFileReference; lastKnownFileType = file.storyboard; name = Base; path = Base.lproj/LaunchScreen.storyboard; sourceTree = "<group>"; };
		410B7C851DF6E8B700EA9020 /* Info.plist */ = {isa = PBXFileReference; lastKnownFileType = text.plist.xml; path = Info.plist; sourceTree = "<group>"; };
		410B7C8A1DF6E8B700EA9020 /* forecastTests.xctest */ = {isa = PBXFileReference; explicitFileType = wrapper.cfbundle; includeInIndex = 0; path = forecastTests.xctest; sourceTree = BUILT_PRODUCTS_DIR; };
		410B7C8E1DF6E8B700EA9020 /* forecastTests.swift */ = {isa = PBXFileReference; lastKnownFileType = sourcecode.swift; path = forecastTests.swift; sourceTree = "<group>"; };
		410B7C901DF6E8B700EA9020 /* Info.plist */ = {isa = PBXFileReference; lastKnownFileType = text.plist.xml; path = Info.plist; sourceTree = "<group>"; };
		410B7C951DF6E8B700EA9020 /* forecastUITests.xctest */ = {isa = PBXFileReference; explicitFileType = wrapper.cfbundle; includeInIndex = 0; path = forecastUITests.xctest; sourceTree = BUILT_PRODUCTS_DIR; };
		410B7C991DF6E8B700EA9020 /* forecastUITests.swift */ = {isa = PBXFileReference; lastKnownFileType = sourcecode.swift; path = forecastUITests.swift; sourceTree = "<group>"; };
		410B7C9B1DF6E8B700EA9020 /* Info.plist */ = {isa = PBXFileReference; lastKnownFileType = text.plist.xml; path = Info.plist; sourceTree = "<group>"; };
		410F9AE51DF833D50002FC67 /* Constants.swift */ = {isa = PBXFileReference; fileEncoding = 4; lastKnownFileType = sourcecode.swift; path = Constants.swift; sourceTree = "<group>"; };
		410F9AE71DF8364A0002FC67 /* CurrentWeather.swift */ = {isa = PBXFileReference; fileEncoding = 4; lastKnownFileType = sourcecode.swift; path = CurrentWeather.swift; sourceTree = "<group>"; };
		414B4D6A1DF8386800D21B90 /* Alamofire.framework */ = {isa = PBXFileReference; lastKnownFileType = wrapper.framework; name = Alamofire.framework; path = "Pods/../build/Release-iphoneos/Alamofire/Alamofire.framework"; sourceTree = "<group>"; };
		415E10781DF99F5C00FA3AF3 /* Location.swift */ = {isa = PBXFileReference; fileEncoding = 4; lastKnownFileType = sourcecode.swift; path = Location.swift; sourceTree = "<group>"; };
		41DF9D761DF976FF0074CEDA /* ForeCastModel.swift */ = {isa = PBXFileReference; fileEncoding = 4; lastKnownFileType = sourcecode.swift; path = ForeCastModel.swift; sourceTree = "<group>"; };
		41DF9D781DF988D10074CEDA /* WeatherCell.swift */ = {isa = PBXFileReference; fileEncoding = 4; lastKnownFileType = sourcecode.swift; path = WeatherCell.swift; sourceTree = "<group>"; };
		77A171CADBACE2BFF64ABFEB /* Pods_forecastUITests.framework */ = {isa = PBXFileReference; explicitFileType = wrapper.framework; includeInIndex = 0; path = Pods_forecastUITests.framework; sourceTree = BUILT_PRODUCTS_DIR; };
		A6BD8B470BDE7D754A3584D5 /* Pods-forecast.release.xcconfig */ = {isa = PBXFileReference; includeInIndex = 1; lastKnownFileType = text.xcconfig; name = "Pods-forecast.release.xcconfig"; path = "Pods/Target Support Files/Pods-forecast/Pods-forecast.release.xcconfig"; sourceTree = "<group>"; };
/* End PBXFileReference section */

/* Begin PBXFrameworksBuildPhase section */
		410B7C731DF6E8B700EA9020 /* Frameworks */ = {
			isa = PBXFrameworksBuildPhase;
			buildActionMask = 2147483647;
			files = (
				414B4D6B1DF8386800D21B90 /* Alamofire.framework in Frameworks */,
				76D829E4B0E6E41E895A3DF8 /* Pods_forecast.framework in Frameworks */,
			);
			runOnlyForDeploymentPostprocessing = 0;
		};
		410B7C871DF6E8B700EA9020 /* Frameworks */ = {
			isa = PBXFrameworksBuildPhase;
			buildActionMask = 2147483647;
			files = (
			);
			runOnlyForDeploymentPostprocessing = 0;
		};
		410B7C921DF6E8B700EA9020 /* Frameworks */ = {
			isa = PBXFrameworksBuildPhase;
			buildActionMask = 2147483647;
			files = (
			);
			runOnlyForDeploymentPostprocessing = 0;
		};
/* End PBXFrameworksBuildPhase section */

/* Begin PBXGroup section */
		3FBD1C47AC7E7EFBCDC29DC7 /* Pods */ = {
			isa = PBXGroup;
			children = (
				251FD9D0FBB781F1184B5F4D /* Pods-forecast.debug.xcconfig */,
				A6BD8B470BDE7D754A3584D5 /* Pods-forecast.release.xcconfig */,
			);
			name = Pods;
			sourceTree = "<group>";
		};
		410B7C6D1DF6E8B700EA9020 = {
			isa = PBXGroup;
			children = (
				410B7C781DF6E8B700EA9020 /* forecast */,
				410B7C8D1DF6E8B700EA9020 /* forecastTests */,
				410B7C981DF6E8B700EA9020 /* forecastUITests */,
				410B7C771DF6E8B700EA9020 /* Products */,
				3FBD1C47AC7E7EFBCDC29DC7 /* Pods */,
				53A6EAB568C1A40E327E02E4 /* Frameworks */,
			);
			sourceTree = "<group>";
		};
		410B7C771DF6E8B700EA9020 /* Products */ = {
			isa = PBXGroup;
			children = (
				410B7C761DF6E8B700EA9020 /* forecast.app */,
				410B7C8A1DF6E8B700EA9020 /* forecastTests.xctest */,
				410B7C951DF6E8B700EA9020 /* forecastUITests.xctest */,
			);
			name = Products;
			sourceTree = "<group>";
		};
		410B7C781DF6E8B700EA9020 /* forecast */ = {
			isa = PBXGroup;
			children = (
				41EFFB2D1E14FA9D0027C443 /* View */,
				41EFFB2C1E14FA7A0027C443 /* Util */,
				41EFFB2B1E14FA6D0027C443 /* Model */,
				41EFFB2A1E14FA5E0027C443 /* Controller */,
				410B7C791DF6E8B700EA9020 /* AppDelegate.swift */,
				410B7C7D1DF6E8B700EA9020 /* Main.storyboard */,
				410B7C801DF6E8B700EA9020 /* Assets.xcassets */,
				410B7C821DF6E8B700EA9020 /* LaunchScreen.storyboard */,
				410B7C851DF6E8B700EA9020 /* Info.plist */,
				410884DA1DFACCB90094F501 /* Location.gpx */,
			);
			path = forecast;
			sourceTree = "<group>";
		};
		410B7C8D1DF6E8B700EA9020 /* forecastTests */ = {
			isa = PBXGroup;
			children = (
				410B7C8E1DF6E8B700EA9020 /* forecastTests.swift */,
				410B7C901DF6E8B700EA9020 /* Info.plist */,
			);
			path = forecastTests;
			sourceTree = "<group>";
		};
		410B7C981DF6E8B700EA9020 /* forecastUITests */ = {
			isa = PBXGroup;
			children = (
				410B7C991DF6E8B700EA9020 /* forecastUITests.swift */,
				410B7C9B1DF6E8B700EA9020 /* Info.plist */,
			);
			path = forecastUITests;
			sourceTree = "<group>";
		};
		41EFFB2A1E14FA5E0027C443 /* Controller */ = {
			isa = PBXGroup;
			children = (
				410B7C7B1DF6E8B700EA9020 /* ForeCastVC.swift */,
			);
			name = Controller;
			sourceTree = "<group>";
		};
		41EFFB2B1E14FA6D0027C443 /* Model */ = {
			isa = PBXGroup;
			children = (
				415E10781DF99F5C00FA3AF3 /* Location.swift */,
				41DF9D761DF976FF0074CEDA /* ForeCastModel.swift */,
				410F9AE71DF8364A0002FC67 /* CurrentWeather.swift */,
			);
			name = Model;
			sourceTree = "<group>";
		};
		41EFFB2C1E14FA7A0027C443 /* Util */ = {
			isa = PBXGroup;
			children = (
				410F9AE51DF833D50002FC67 /* Constants.swift */,
			);
			name = Util;
			sourceTree = "<group>";
		};
		41EFFB2D1E14FA9D0027C443 /* View */ = {
			isa = PBXGroup;
			children = (
				41DF9D781DF988D10074CEDA /* WeatherCell.swift */,
			);
			name = View;
			sourceTree = "<group>";
		};
		53A6EAB568C1A40E327E02E4 /* Frameworks */ = {
			isa = PBXGroup;
			children = (
				414B4D6A1DF8386800D21B90 /* Alamofire.framework */,
				2E506A65E03DD25338DABD8C /* Pods_forecast.framework */,
				336EA636E5E6AA92EE1DF003 /* Pods_forecastTests.framework */,
				77A171CADBACE2BFF64ABFEB /* Pods_forecastUITests.framework */,
			);
			name = Frameworks;
			sourceTree = "<group>";
		};
/* End PBXGroup section */

/* Begin PBXNativeTarget section */
		410B7C751DF6E8B700EA9020 /* forecast */ = {
			isa = PBXNativeTarget;
			buildConfigurationList = 410B7C9E1DF6E8B700EA9020 /* Build configuration list for PBXNativeTarget "forecast" */;
			buildPhases = (
				BC02D88AD03572139402D924 /* [CP] Check Pods Manifest.lock */,
				410B7C721DF6E8B700EA9020 /* Sources */,
				410B7C731DF6E8B700EA9020 /* Frameworks */,
				410B7C741DF6E8B700EA9020 /* Resources */,
				7DE95EEDA27BDE47FD829740 /* [CP] Embed Pods Frameworks */,
				725FC91DE62181FA6FD86A0F /* [CP] Copy Pods Resources */,
			);
			buildRules = (
			);
			dependencies = (
			);
			name = forecast;
			productName = forecast;
			productReference = 410B7C761DF6E8B700EA9020 /* forecast.app */;
			productType = "com.apple.product-type.application";
		};
		410B7C891DF6E8B700EA9020 /* forecastTests */ = {
			isa = PBXNativeTarget;
			buildConfigurationList = 410B7CA11DF6E8B700EA9020 /* Build configuration list for PBXNativeTarget "forecastTests" */;
			buildPhases = (
				410B7C861DF6E8B700EA9020 /* Sources */,
				410B7C871DF6E8B700EA9020 /* Frameworks */,
				410B7C881DF6E8B700EA9020 /* Resources */,
			);
			buildRules = (
			);
			dependencies = (
				410B7C8C1DF6E8B700EA9020 /* PBXTargetDependency */,
			);
			name = forecastTests;
			productName = forecastTests;
			productReference = 410B7C8A1DF6E8B700EA9020 /* forecastTests.xctest */;
			productType = "com.apple.product-type.bundle.unit-test";
		};
		410B7C941DF6E8B700EA9020 /* forecastUITests */ = {
			isa = PBXNativeTarget;
			buildConfigurationList = 410B7CA41DF6E8B700EA9020 /* Build configuration list for PBXNativeTarget "forecastUITests" */;
			buildPhases = (
				410B7C911DF6E8B700EA9020 /* Sources */,
				410B7C921DF6E8B700EA9020 /* Frameworks */,
				410B7C931DF6E8B700EA9020 /* Resources */,
			);
			buildRules = (
			);
			dependencies = (
				410B7C971DF6E8B700EA9020 /* PBXTargetDependency */,
			);
			name = forecastUITests;
			productName = forecastUITests;
			productReference = 410B7C951DF6E8B700EA9020 /* forecastUITests.xctest */;
			productType = "com.apple.product-type.bundle.ui-testing";
		};
/* End PBXNativeTarget section */

/* Begin PBXProject section */
		410B7C6E1DF6E8B700EA9020 /* Project object */ = {
			isa = PBXProject;
			attributes = {
				LastSwiftUpdateCheck = 0810;
				LastUpgradeCheck = 0810;
				ORGANIZATIONNAME = "Rami Baraka";
				TargetAttributes = {
					410B7C751DF6E8B700EA9020 = {
						CreatedOnToolsVersion = 8.1;
						DevelopmentTeam = 2ZL2CF87VQ;
						ProvisioningStyle = Automatic;
					};
					410B7C891DF6E8B700EA9020 = {
						CreatedOnToolsVersion = 8.1;
						ProvisioningStyle = Automatic;
						TestTargetID = 410B7C751DF6E8B700EA9020;
					};
					410B7C941DF6E8B700EA9020 = {
						CreatedOnToolsVersion = 8.1;
						ProvisioningStyle = Automatic;
						TestTargetID = 410B7C751DF6E8B700EA9020;
					};
				};
			};
			buildConfigurationList = 410B7C711DF6E8B700EA9020 /* Build configuration list for PBXProject "forecast" */;
			compatibilityVersion = "Xcode 3.2";
			developmentRegion = English;
			hasScannedForEncodings = 0;
			knownRegions = (
				en,
				Base,
			);
			mainGroup = 410B7C6D1DF6E8B700EA9020;
			productRefGroup = 410B7C771DF6E8B700EA9020 /* Products */;
			projectDirPath = "";
			projectRoot = "";
			targets = (
				410B7C751DF6E8B700EA9020 /* forecast */,
				410B7C891DF6E8B700EA9020 /* forecastTests */,
				410B7C941DF6E8B700EA9020 /* forecastUITests */,
			);
		};
/* End PBXProject section */

/* Begin PBXResourcesBuildPhase section */
		410B7C741DF6E8B700EA9020 /* Resources */ = {
			isa = PBXResourcesBuildPhase;
			buildActionMask = 2147483647;
			files = (
				410B7C841DF6E8B700EA9020 /* LaunchScreen.storyboard in Resources */,
				410B7C811DF6E8B700EA9020 /* Assets.xcassets in Resources */,
				410B7C7F1DF6E8B700EA9020 /* Main.storyboard in Resources */,
			);
			runOnlyForDeploymentPostprocessing = 0;
		};
		410B7C881DF6E8B700EA9020 /* Resources */ = {
			isa = PBXResourcesBuildPhase;
			buildActionMask = 2147483647;
			files = (
			);
			runOnlyForDeploymentPostprocessing = 0;
		};
		410B7C931DF6E8B700EA9020 /* Resources */ = {
			isa = PBXResourcesBuildPhase;
			buildActionMask = 2147483647;
			files = (
			);
			runOnlyForDeploymentPostprocessing = 0;
		};
/* End PBXResourcesBuildPhase section */

/* Begin PBXShellScriptBuildPhase section */
		725FC91DE62181FA6FD86A0F /* [CP] Copy Pods Resources */ = {
			isa = PBXShellScriptBuildPhase;
			buildActionMask = 2147483647;
			files = (
			);
			inputPaths = (
			);
			name = "[CP] Copy Pods Resources";
			outputPaths = (
			);
			runOnlyForDeploymentPostprocessing = 0;
			shellPath = /bin/sh;
			shellScript = "\"${SRCROOT}/Pods/Target Support Files/Pods-forecast/Pods-forecast-resources.sh\"\n";
			showEnvVarsInLog = 0;
		};
		7DE95EEDA27BDE47FD829740 /* [CP] Embed Pods Frameworks */ = {
			isa = PBXShellScriptBuildPhase;
			buildActionMask = 2147483647;
			files = (
			);
			inputPaths = (
			);
			name = "[CP] Embed Pods Frameworks";
			outputPaths = (
			);
			runOnlyForDeploymentPostprocessing = 0;
			shellPath = /bin/sh;
			shellScript = "\"${SRCROOT}/Pods/Target Support Files/Pods-forecast/Pods-forecast-frameworks.sh\"\n";
			showEnvVarsInLog = 0;
		};
		BC02D88AD03572139402D924 /* [CP] Check Pods Manifest.lock */ = {
			isa = PBXShellScriptBuildPhase;
			buildActionMask = 2147483647;
			files = (
			);
			inputPaths = (
			);
			name = "[CP] Check Pods Manifest.lock";
			outputPaths = (
			);
			runOnlyForDeploymentPostprocessing = 0;
			shellPath = /bin/sh;
			shellScript = "diff \"${PODS_ROOT}/../Podfile.lock\" \"${PODS_ROOT}/Manifest.lock\" > /dev/null\nif [ $? != 0 ] ; then\n    # print error to STDERR\n    echo \"error: The sandbox is not in sync with the Podfile.lock. Run 'pod install' or update your CocoaPods installation.\" >&2\n    exit 1\nfi\n";
			showEnvVarsInLog = 0;
		};
/* End PBXShellScriptBuildPhase section */

/* Begin PBXSourcesBuildPhase section */
		410B7C721DF6E8B700EA9020 /* Sources */ = {
			isa = PBXSourcesBuildPhase;
			buildActionMask = 2147483647;
			files = (
				410B7C7C1DF6E8B700EA9020 /* ForeCastVC.swift in Sources */,
				410B7C7A1DF6E8B700EA9020 /* AppDelegate.swift in Sources */,
				41DF9D791DF988D10074CEDA /* WeatherCell.swift in Sources */,
				41DF9D771DF976FF0074CEDA /* ForeCastModel.swift in Sources */,
				410F9AE81DF8364A0002FC67 /* CurrentWeather.swift in Sources */,
				410F9AE61DF833D50002FC67 /* Constants.swift in Sources */,
				415E10791DF99F5C00FA3AF3 /* Location.swift in Sources */,
			);
			runOnlyForDeploymentPostprocessing = 0;
		};
		410B7C861DF6E8B700EA9020 /* Sources */ = {
			isa = PBXSourcesBuildPhase;
			buildActionMask = 2147483647;
			files = (
				410B7C8F1DF6E8B700EA9020 /* forecastTests.swift in Sources */,
			);
			runOnlyForDeploymentPostprocessing = 0;
		};
		410B7C911DF6E8B700EA9020 /* Sources */ = {
			isa = PBXSourcesBuildPhase;
			buildActionMask = 2147483647;
			files = (
				410B7C9A1DF6E8B700EA9020 /* forecastUITests.swift in Sources */,
			);
			runOnlyForDeploymentPostprocessing = 0;
		};
/* End PBXSourcesBuildPhase section */

/* Begin PBXTargetDependency section */
		410B7C8C1DF6E8B700EA9020 /* PBXTargetDependency */ = {
			isa = PBXTargetDependency;
			target = 410B7C751DF6E8B700EA9020 /* forecast */;
			targetProxy = 410B7C8B1DF6E8B700EA9020 /* PBXContainerItemProxy */;
		};
		410B7C971DF6E8B700EA9020 /* PBXTargetDependency */ = {
			isa = PBXTargetDependency;
			target = 410B7C751DF6E8B700EA9020 /* forecast */;
			targetProxy = 410B7C961DF6E8B700EA9020 /* PBXContainerItemProxy */;
		};
/* End PBXTargetDependency section */

/* Begin PBXVariantGroup section */
		410B7C7D1DF6E8B700EA9020 /* Main.storyboard */ = {
			isa = PBXVariantGroup;
			children = (
				410B7C7E1DF6E8B700EA9020 /* Base */,
			);
			name = Main.storyboard;
			sourceTree = "<group>";
		};
		410B7C821DF6E8B700EA9020 /* LaunchScreen.storyboard */ = {
			isa = PBXVariantGroup;
			children = (
				410B7C831DF6E8B700EA9020 /* Base */,
			);
			name = LaunchScreen.storyboard;
			sourceTree = "<group>";
		};
/* End PBXVariantGroup section */

/* Begin XCBuildConfiguration section */
		410B7C9C1DF6E8B700EA9020 /* Debug */ = {
			isa = XCBuildConfiguration;
			buildSettings = {
				ALWAYS_SEARCH_USER_PATHS = NO;
				CLANG_ANALYZER_NONNULL = YES;
				CLANG_CXX_LANGUAGE_STANDARD = "gnu++0x";
				CLANG_CXX_LIBRARY = "libc++";
				CLANG_ENABLE_MODULES = YES;
				CLANG_ENABLE_OBJC_ARC = YES;
				CLANG_WARN_BOOL_CONVERSION = YES;
				CLANG_WARN_CONSTANT_CONVERSION = YES;
				CLANG_WARN_DIRECT_OBJC_ISA_USAGE = YES_ERROR;
				CLANG_WARN_DOCUMENTATION_COMMENTS = YES;
				CLANG_WARN_EMPTY_BODY = YES;
				CLANG_WARN_ENUM_CONVERSION = YES;
				CLANG_WARN_INFINITE_RECURSION = YES;
				CLANG_WARN_INT_CONVERSION = YES;
				CLANG_WARN_OBJC_ROOT_CLASS = YES_ERROR;
				CLANG_WARN_SUSPICIOUS_MOVES = YES;
				CLANG_WARN_UNREACHABLE_CODE = YES;
				CLANG_WARN__DUPLICATE_METHOD_MATCH = YES;
				"CODE_SIGN_IDENTITY[sdk=iphoneos*]" = "iPhone Developer";
				COPY_PHASE_STRIP = NO;
				DEBUG_INFORMATION_FORMAT = dwarf;
				ENABLE_STRICT_OBJC_MSGSEND = YES;
				ENABLE_TESTABILITY = YES;
				GCC_C_LANGUAGE_STANDARD = gnu99;
				GCC_DYNAMIC_NO_PIC = NO;
				GCC_NO_COMMON_BLOCKS = YES;
				GCC_OPTIMIZATION_LEVEL = 0;
				GCC_PREPROCESSOR_DEFINITIONS = (
					"DEBUG=1",
					"$(inherited)",
				);
				GCC_WARN_64_TO_32_BIT_CONVERSION = YES;
				GCC_WARN_ABOUT_RETURN_TYPE = YES_ERROR;
				GCC_WARN_UNDECLARED_SELECTOR = YES;
				GCC_WARN_UNINITIALIZED_AUTOS = YES_AGGRESSIVE;
				GCC_WARN_UNUSED_FUNCTION = YES;
				GCC_WARN_UNUSED_VARIABLE = YES;
				IPHONEOS_DEPLOYMENT_TARGET = 10.0;
				MTL_ENABLE_DEBUG_INFO = YES;
				ONLY_ACTIVE_ARCH = YES;
				SDKROOT = iphoneos;
				SWIFT_ACTIVE_COMPILATION_CONDITIONS = DEBUG;
				SWIFT_OPTIMIZATION_LEVEL = "-Onone";
				TARGETED_DEVICE_FAMILY = "1,2";
			};
			name = Debug;
		};
		410B7C9D1DF6E8B700EA9020 /* Release */ = {
			isa = XCBuildConfiguration;
			buildSettings = {
				ALWAYS_SEARCH_USER_PATHS = NO;
				CLANG_ANALYZER_NONNULL = YES;
				CLANG_CXX_LANGUAGE_STANDARD = "gnu++0x";
				CLANG_CXX_LIBRARY = "libc++";
				CLANG_ENABLE_MODULES = YES;
				CLANG_ENABLE_OBJC_ARC = YES;
				CLANG_WARN_BOOL_CONVERSION = YES;
				CLANG_WARN_CONSTANT_CONVERSION = YES;
				CLANG_WARN_DIRECT_OBJC_ISA_USAGE = YES_ERROR;
				CLANG_WARN_DOCUMENTATION_COMMENTS = YES;
				CLANG_WARN_EMPTY_BODY = YES;
				CLANG_WARN_ENUM_CONVERSION = YES;
				CLANG_WARN_INFINITE_RECURSION = YES;
				CLANG_WARN_INT_CONVERSION = YES;
				CLANG_WARN_OBJC_ROOT_CLASS = YES_ERROR;
				CLANG_WARN_SUSPICIOUS_MOVES = YES;
				CLANG_WARN_UNREACHABLE_CODE = YES;
				CLANG_WARN__DUPLICATE_METHOD_MATCH = YES;
				"CODE_SIGN_IDENTITY[sdk=iphoneos*]" = "iPhone Developer";
				COPY_PHASE_STRIP = NO;
				DEBUG_INFORMATION_FORMAT = "dwarf-with-dsym";
				ENABLE_NS_ASSERTIONS = NO;
				ENABLE_STRICT_OBJC_MSGSEND = YES;
				GCC_C_LANGUAGE_STANDARD = gnu99;
				GCC_NO_COMMON_BLOCKS = YES;
				GCC_WARN_64_TO_32_BIT_CONVERSION = YES;
				GCC_WARN_ABOUT_RETURN_TYPE = YES_ERROR;
				GCC_WARN_UNDECLARED_SELECTOR = YES;
				GCC_WARN_UNINITIALIZED_AUTOS = YES_AGGRESSIVE;
				GCC_WARN_UNUSED_FUNCTION = YES;
				GCC_WARN_UNUSED_VARIABLE = YES;
				IPHONEOS_DEPLOYMENT_TARGET = 10.0;
				MTL_ENABLE_DEBUG_INFO = NO;
				SDKROOT = iphoneos;
				SWIFT_OPTIMIZATION_LEVEL = "-Owholemodule";
				TARGETED_DEVICE_FAMILY = "1,2";
				VALIDATE_PRODUCT = YES;
			};
			name = Release;
		};
		410B7C9F1DF6E8B700EA9020 /* Debug */ = {
			isa = XCBuildConfiguration;
			baseConfigurationReference = 251FD9D0FBB781F1184B5F4D /* Pods-forecast.debug.xcconfig */;
			buildSettings = {
				ASSETCATALOG_COMPILER_APPICON_NAME = AppIcon;
				DEVELOPMENT_TEAM = 2ZL2CF87VQ;
				FRAMEWORK_SEARCH_PATHS = (
					"$(inherited)",
					"$(PROJECT_DIR)/build/Release-iphoneos/Alamofire",
				);
				INFOPLIST_FILE = forecast/Info.plist;
				LD_RUNPATH_SEARCH_PATHS = "$(inherited) @executable_path/Frameworks";
				PRODUCT_BUNDLE_IDENTIFIER = se.coredev.forecast;
				PRODUCT_NAME = "$(TARGET_NAME)";
				SWIFT_VERSION = 3.0;
				TARGETED_DEVICE_FAMILY = "1,2";
			};
			name = Debug;
		};
		410B7CA01DF6E8B700EA9020 /* Release */ = {
			isa = XCBuildConfiguration;
			baseConfigurationReference = A6BD8B470BDE7D754A3584D5 /* Pods-forecast.release.xcconfig */;
			buildSettings = {
				ASSETCATALOG_COMPILER_APPICON_NAME = AppIcon;
				DEVELOPMENT_TEAM = 2ZL2CF87VQ;
				FRAMEWORK_SEARCH_PATHS = (
					"$(inherited)",
					"$(PROJECT_DIR)/build/Release-iphoneos/Alamofire",
				);
				INFOPLIST_FILE = forecast/Info.plist;
				LD_RUNPATH_SEARCH_PATHS = "$(inherited) @executable_path/Frameworks";
				PRODUCT_BUNDLE_IDENTIFIER = se.coredev.forecast;
				PRODUCT_NAME = "$(TARGET_NAME)";
				SWIFT_VERSION = 3.0;
				TARGETED_DEVICE_FAMILY = "1,2";
			};
			name = Release;
		};
		410B7CA21DF6E8B700EA9020 /* Debug */ = {
			isa = XCBuildConfiguration;
			buildSettings = {
				ALWAYS_EMBED_SWIFT_STANDARD_LIBRARIES = YES;
				BUNDLE_LOADER = "$(TEST_HOST)";
				INFOPLIST_FILE = forecastTests/Info.plist;
				LD_RUNPATH_SEARCH_PATHS = "$(inherited) @executable_path/Frameworks @loader_path/Frameworks";
				PRODUCT_BUNDLE_IDENTIFIER = se.coredev.forecastTests;
				PRODUCT_NAME = "$(TARGET_NAME)";
				SWIFT_VERSION = 3.0;
				TEST_HOST = "$(BUILT_PRODUCTS_DIR)/forecast.app/forecast";
			};
			name = Debug;
		};
		410B7CA31DF6E8B700EA9020 /* Release */ = {
			isa = XCBuildConfiguration;
			buildSettings = {
				ALWAYS_EMBED_SWIFT_STANDARD_LIBRARIES = YES;
				BUNDLE_LOADER = "$(TEST_HOST)";
				INFOPLIST_FILE = forecastTests/Info.plist;
				LD_RUNPATH_SEARCH_PATHS = "$(inherited) @executable_path/Frameworks @loader_path/Frameworks";
				PRODUCT_BUNDLE_IDENTIFIER = se.coredev.forecastTests;
				PRODUCT_NAME = "$(TARGET_NAME)";
				SWIFT_VERSION = 3.0;
				TEST_HOST = "$(BUILT_PRODUCTS_DIR)/forecast.app/forecast";
			};
			name = Release;
		};
		410B7CA51DF6E8B700EA9020 /* Debug */ = {
			isa = XCBuildConfiguration;
			buildSettings = {
				ALWAYS_EMBED_SWIFT_STANDARD_LIBRARIES = YES;
				INFOPLIST_FILE = forecastUITests/Info.plist;
				LD_RUNPATH_SEARCH_PATHS = "$(inherited) @executable_path/Frameworks @loader_path/Frameworks";
				PRODUCT_BUNDLE_IDENTIFIER = se.coredev.forecastUITests;
				PRODUCT_NAME = "$(TARGET_NAME)";
				SWIFT_VERSION = 3.0;
				TEST_TARGET_NAME = forecast;
			};
			name = Debug;
		};
		410B7CA61DF6E8B700EA9020 /* Release */ = {
			isa = XCBuildConfiguration;
			buildSettings = {
				ALWAYS_EMBED_SWIFT_STANDARD_LIBRARIES = YES;
				INFOPLIST_FILE = forecastUITests/Info.plist;
				LD_RUNPATH_SEARCH_PATHS = "$(inherited) @executable_path/Frameworks @loader_path/Frameworks";
				PRODUCT_BUNDLE_IDENTIFIER = se.coredev.forecastUITests;
				PRODUCT_NAME = "$(TARGET_NAME)";
				SWIFT_VERSION = 3.0;
				TEST_TARGET_NAME = forecast;
			};
			name = Release;
		};
/* End XCBuildConfiguration section */

/* Begin XCConfigurationList section */
		410B7C711DF6E8B700EA9020 /* Build configuration list for PBXProject "forecast" */ = {
			isa = XCConfigurationList;
			buildConfigurations = (
				410B7C9C1DF6E8B700EA9020 /* Debug */,
				410B7C9D1DF6E8B700EA9020 /* Release */,
			);
			defaultConfigurationIsVisible = 0;
			defaultConfigurationName = Release;
		};
		410B7C9E1DF6E8B700EA9020 /* Build configuration list for PBXNativeTarget "forecast" */ = {
			isa = XCConfigurationList;
			buildConfigurations = (
				410B7C9F1DF6E8B700EA9020 /* Debug */,
				410B7CA01DF6E8B700EA9020 /* Release */,
			);
			defaultConfigurationIsVisible = 0;
			defaultConfigurationName = Release;
		};
		410B7CA11DF6E8B700EA9020 /* Build configuration list for PBXNativeTarget "forecastTests" */ = {
			isa = XCConfigurationList;
			buildConfigurations = (
				410B7CA21DF6E8B700EA9020 /* Debug */,
				410B7CA31DF6E8B700EA9020 /* Release */,
			);
			defaultConfigurationIsVisible = 0;
			defaultConfigurationName = Release;
		};
		410B7CA41DF6E8B700EA9020 /* Build configuration list for PBXNativeTarget "forecastUITests" */ = {
			isa = XCConfigurationList;
			buildConfigurations = (
				410B7CA51DF6E8B700EA9020 /* Debug */,
				410B7CA61DF6E8B700EA9020 /* Release */,
			);
			defaultConfigurationIsVisible = 0;
			defaultConfigurationName = Release;
		};
/* End XCConfigurationList section */
	};
	rootObject = 410B7C6E1DF6E8B700EA9020 /* Project object */;
}
